{
  "lockfile_version": "1",
  "packages": {
    "awscli2@2.15.38": {
      "last_modified": "2024-04-27T06:29:53-04:00",
      "resolved": "github:NixOS/nixpkgs/d6f6eb2a984f2ba9a366c31e4d36d65465683450#awscli2",
      "source": "devbox-search",
      "version": "2.15.38",
      "systems": {
        "aarch64-darwin": {
          "outputs": [
            {
              "name": "out",
              "path": "/nix/store/zkgkwy7mw351ravi5mfmyd4g605akcbj-awscli2-2.15.38",
              "default": true
            },
            {
              "name": "dist",
              "path": "/nix/store/7x6ny390xc5rv9s1p432mh63j2bcsd6g-awscli2-2.15.38-dist"
            }
          ],
          "store_path": "/nix/store/zkgkwy7mw351ravi5mfmyd4g605akcbj-awscli2-2.15.38"
        },
        "aarch64-linux": {
          "outputs": [
            {
              "name": "out",
              "path": "/nix/store/5prxbqvp4h85z82dflspwyfzb5d67x80-awscli2-2.15.38",
              "default": true
            },
            {
              "name": "dist",
              "path": "/nix/store/lc9s2njd4sw7ig3v6rpsj3p464x3sj1r-awscli2-2.15.38-dist"
            }
          ],
          "store_path": "/nix/store/5prxbqvp4h85z82dflspwyfzb5d67x80-awscli2-2.15.38"
        },
        "x86_64-darwin": {
          "outputs": [
            {
              "name": "out",
              "path": "/nix/store/7abrr9j7kfihps5wbam5qwhd4xxvqhrz-awscli2-2.15.38",
              "default": true
            },
            {
              "name": "dist",
              "path": "/nix/store/fffd119idyjvvwmjhdf0n1lwkqwzflym-awscli2-2.15.38-dist"
            }
          ],
          "store_path": "/nix/store/7abrr9j7kfihps5wbam5qwhd4xxvqhrz-awscli2-2.15.38"
        },
        "x86_64-linux": {
          "outputs": [
            {
              "name": "out",
              "path": "/nix/store/14j1rqbjglyq46r9f5kj4lvwk5ap7vmh-awscli2-2.15.38",
              "default": true
            },
            {
              "name": "dist",
              "path": "/nix/store/awrjg74bzxr4qmsnji3frc4j1gwg9lwk-awscli2-2.15.38-dist"
            }
          ],
          "store_path": "/nix/store/14j1rqbjglyq46r9f5kj4lvwk5ap7vmh-awscli2-2.15.38"
        }
      }
    },
    "bat@0.24.0": {
      "last_modified": "2024-04-19T17:36:04-04:00",
      "resolved": "github:NixOS/nixpkgs/92d295f588631b0db2da509f381b4fb1e74173c5#bat",
      "source": "devbox-search",
      "version": "0.24.0",
      "systems": {
        "aarch64-darwin": {
          "outputs": [
            {
              "name": "out",
              "path": "/nix/store/y5ivqqi6qsrl1cx43bzjx54lwzmn5nlq-bat-0.24.0",
              "default": true
            }
          ],
          "store_path": "/nix/store/y5ivqqi6qsrl1cx43bzjx54lwzmn5nlq-bat-0.24.0"
        },
        "aarch64-linux": {
          "outputs": [
            {
              "name": "out",
              "path": "/nix/store/6in98qzmj5hzgjvxwickh7wpaaamn8cc-bat-0.24.0",
              "default": true
            }
          ],
          "store_path": "/nix/store/6in98qzmj5hzgjvxwickh7wpaaamn8cc-bat-0.24.0"
        },
        "x86_64-darwin": {
          "outputs": [
            {
              "name": "out",
              "path": "/nix/store/y1lkjqzbdl7vsr2fpwgf95nngg4vaikb-bat-0.24.0",
              "default": true
            }
          ],
          "store_path": "/nix/store/y1lkjqzbdl7vsr2fpwgf95nngg4vaikb-bat-0.24.0"
        },
        "x86_64-linux": {
          "outputs": [
            {
              "name": "out",
              "path": "/nix/store/8iafkixj71qgpkiwp1alwsf3y10g50mi-bat-0.24.0",
              "default": true
            }
          ],
          "store_path": "/nix/store/8iafkixj71qgpkiwp1alwsf3y10g50mi-bat-0.24.0"
        }
      }
    },
    "eksctl@0.176.0": {
      "last_modified": "2024-04-25T11:29:45-04:00",
      "resolved": "github:NixOS/nixpkgs/bf182c39d9439811484aad0d241ea89619b44bc7#eksctl",
      "source": "devbox-search",
      "version": "0.176.0",
      "systems": {
        "aarch64-darwin": {
          "outputs": [
            {
              "name": "out",
              "path": "/nix/store/fjrgwp1vnisp52byagcj99a3a945pfd6-eksctl-0.176.0",
              "default": true
            }
          ],
          "store_path": "/nix/store/fjrgwp1vnisp52byagcj99a3a945pfd6-eksctl-0.176.0"
        },
        "aarch64-linux": {
          "outputs": [
            {
              "name": "out",
              "path": "/nix/store/258ffs9xwgjq7z8cajgpm7cqh317wv55-eksctl-0.176.0",
              "default": true
            }
          ],
          "store_path": "/nix/store/258ffs9xwgjq7z8cajgpm7cqh317wv55-eksctl-0.176.0"
        },
        "x86_64-darwin": {
          "outputs": [
            {
              "name": "out",
              "path": "/nix/store/13h07vkcjcyxjjq6y77hkk8mrps0lxhb-eksctl-0.176.0",
              "default": true
            }
          ],
          "store_path": "/nix/store/13h07vkcjcyxjjq6y77hkk8mrps0lxhb-eksctl-0.176.0"
        },
        "x86_64-linux": {
          "outputs": [
            {
              "name": "out",
              "path": "/nix/store/3wxvargwy31nhxpwbv6cmfjiykf1rwpw-eksctl-0.176.0",
              "default": true
            }
          ],
          "store_path": "/nix/store/3wxvargwy31nhxpwbv6cmfjiykf1rwpw-eksctl-0.176.0"
        }
      }
    },
    "gh@2.48.0": {
      "last_modified": "2024-04-19T17:36:04-04:00",
      "resolved": "github:NixOS/nixpkgs/92d295f588631b0db2da509f381b4fb1e74173c5#gh",
      "source": "devbox-search",
      "version": "2.48.0",
      "systems": {
        "aarch64-darwin": {
          "outputs": [
            {
              "name": "out",
              "path": "/nix/store/al0w11wik8xvjv311f9hdcni6lcbd22g-gh-2.48.0",
              "default": true
            }
          ],
          "store_path": "/nix/store/al0w11wik8xvjv311f9hdcni6lcbd22g-gh-2.48.0"
        },
        "aarch64-linux": {
          "outputs": [
            {
              "name": "out",
              "path": "/nix/store/fa3pwqlw4izfip7kg4c1iv7gdhwjgsf7-gh-2.48.0",
              "default": true
            }
          ],
          "store_path": "/nix/store/fa3pwqlw4izfip7kg4c1iv7gdhwjgsf7-gh-2.48.0"
        },
        "x86_64-darwin": {
          "outputs": [
            {
              "name": "out",
              "path": "/nix/store/m9jcg3yp042alkymg4qy3k4skyfzxpgs-gh-2.48.0",
              "default": true
            }
          ],
          "store_path": "/nix/store/m9jcg3yp042alkymg4qy3k4skyfzxpgs-gh-2.48.0"
        },
        "x86_64-linux": {
          "outputs": [
            {
              "name": "out",
              "path": "/nix/store/yk2hqa1jnc9r26q93cs8m6gi4872s1ga-gh-2.48.0",
              "default": true
            }
          ],
          "store_path": "/nix/store/yk2hqa1jnc9r26q93cs8m6gi4872s1ga-gh-2.48.0"
        }
      }
    },
    "google-cloud-sdk@467.0.0": {
      "last_modified": "2024-04-19T17:36:04-04:00",
      "resolved": "github:NixOS/nixpkgs/92d295f588631b0db2da509f381b4fb1e74173c5#google-cloud-sdk",
      "source": "devbox-search",
      "version": "467.0.0",
      "systems": {
        "aarch64-darwin": {
          "outputs": [
            {
              "name": "out",
              "path": "/nix/store/rcgpjzwm11fy37ff03g4qm9lyak8by3q-google-cloud-sdk-467.0.0",
              "default": true
            }
          ],
          "store_path": "/nix/store/rcgpjzwm11fy37ff03g4qm9lyak8by3q-google-cloud-sdk-467.0.0"
        },
        "aarch64-linux": {
          "outputs": [
            {
              "name": "out",
              "path": "/nix/store/d3g4xrjxpz7p4zm6gc3lgfbgqwidqk92-google-cloud-sdk-467.0.0",
              "default": true
            }
          ],
          "store_path": "/nix/store/d3g4xrjxpz7p4zm6gc3lgfbgqwidqk92-google-cloud-sdk-467.0.0"
        },
        "x86_64-darwin": {
          "outputs": [
            {
              "name": "out",
              "path": "/nix/store/px0rjif67b8k9lgs9pczbl7v21fxavrg-google-cloud-sdk-467.0.0",
              "default": true
            }
          ],
          "store_path": "/nix/store/px0rjif67b8k9lgs9pczbl7v21fxavrg-google-cloud-sdk-467.0.0"
        },
        "x86_64-linux": {
          "outputs": [
            {
              "name": "out",
              "path": "/nix/store/0wxgc7yl52c5pzda9f7r7hp1fnha4s03-google-cloud-sdk-467.0.0",
              "default": true
            }
          ],
          "store_path": "/nix/store/0wxgc7yl52c5pzda9f7r7hp1fnha4s03-google-cloud-sdk-467.0.0"
        }
      }
    },
    "gum@0.13.0": {
      "last_modified": "2024-04-19T17:36:04-04:00",
      "resolved": "github:NixOS/nixpkgs/92d295f588631b0db2da509f381b4fb1e74173c5#gum",
      "source": "devbox-search",
      "version": "0.13.0",
      "systems": {
        "aarch64-darwin": {
          "outputs": [
            {
              "name": "out",
              "path": "/nix/store/rv7y82ylid613qkg947a1icajp41jhr1-gum-0.13.0",
              "default": true
            }
          ],
          "store_path": "/nix/store/rv7y82ylid613qkg947a1icajp41jhr1-gum-0.13.0"
        },
        "aarch64-linux": {
          "outputs": [
            {
              "name": "out",
              "path": "/nix/store/mcbsnqvcz9q3j6mnbpwy5brid0zgzll6-gum-0.13.0",
              "default": true
            }
          ],
          "store_path": "/nix/store/mcbsnqvcz9q3j6mnbpwy5brid0zgzll6-gum-0.13.0"
        },
        "x86_64-darwin": {
          "outputs": [
            {
              "name": "out",
              "path": "/nix/store/vf21qsvvsmfs9diw5bk9b32iavp9pdfx-gum-0.13.0",
              "default": true
            }
          ],
          "store_path": "/nix/store/vf21qsvvsmfs9diw5bk9b32iavp9pdfx-gum-0.13.0"
        },
        "x86_64-linux": {
          "outputs": [
            {
              "name": "out",
              "path": "/nix/store/lmc0z0s5zlq5vvyv5y0cxhi727dzvq02-gum-0.13.0",
              "default": true
            }
          ],
          "store_path": "/nix/store/lmc0z0s5zlq5vvyv5y0cxhi727dzvq02-gum-0.13.0"
        }
      }
    },
    "jq@1.7.1": {
      "last_modified": "2024-04-28T10:22:29-04:00",
      "resolved": "github:NixOS/nixpkgs/cf8cc1201be8bc71b7cbbbdaf349b22f4f99c7ae#jq",
      "source": "devbox-search",
      "version": "1.7.1",
      "systems": {
        "aarch64-darwin": {
          "outputs": [
            {
              "name": "bin",
              "path": "/nix/store/cpd390lw7hzsbvsq02d3prxjyj987ykg-jq-1.7.1-bin",
              "default": true
            },
            {
              "name": "man",
              "path": "/nix/store/nm26pqk8f9cfdk42x0fzdhccfhijcycd-jq-1.7.1-man",
              "default": true
            },
            {
              "name": "lib",
              "path": "/nix/store/05mw0b8ririsykj8fpc1dy9lgnnlp77i-jq-1.7.1-lib"
            },
            {
              "name": "out",
              "path": "/nix/store/2il8xa2rsv55i0a86ivm59pndqfardhc-jq-1.7.1"
            },
            {
              "name": "dev",
              "path": "/nix/store/j1rai51ycjm9y5bayrfii1y0rqldbxxv-jq-1.7.1-dev"
            },
            {
              "name": "doc",
              "path": "/nix/store/a1sscyljd5lx674lh8ab7wjlb0d03x86-jq-1.7.1-doc"
            }
          ],
          "store_path": "/nix/store/cpd390lw7hzsbvsq02d3prxjyj987ykg-jq-1.7.1-bin"
        },
        "aarch64-linux": {
          "outputs": [
            {
              "name": "bin",
              "path": "/nix/store/www2wsy5azig3si2mcvcbig36npvz8p0-jq-1.7.1-bin",
              "default": true
            },
            {
              "name": "man",
              "path": "/nix/store/f8kd7zxmlciy87xrf1j36q2rymld3a22-jq-1.7.1-man",
              "default": true
            },
            {
              "name": "dev",
              "path": "/nix/store/b8ji00dhcknd1p9afa80ydral59z6dzp-jq-1.7.1-dev"
            },
            {
              "name": "doc",
              "path": "/nix/store/xmam34cnczr17warmz692jd3dyip25aq-jq-1.7.1-doc"
            },
            {
              "name": "lib",
              "path": "/nix/store/88miljr5qkqdzlhm7ib26fws4hkz04s8-jq-1.7.1-lib"
            },
            {
              "name": "out",
              "path": "/nix/store/dkpfzwwl049kk1dwnyjacabjvszjknww-jq-1.7.1"
            }
          ],
          "store_path": "/nix/store/www2wsy5azig3si2mcvcbig36npvz8p0-jq-1.7.1-bin"
        },
        "x86_64-darwin": {
          "outputs": [
            {
              "name": "bin",
              "path": "/nix/store/7v052gsm0fs3n9bcr9hdffspq8fnq872-jq-1.7.1-bin",
              "default": true
            },
            {
              "name": "man",
              "path": "/nix/store/dfsyxb7dqxwp3n1bnrzrvbz6lkmz8wyl-jq-1.7.1-man",
              "default": true
            },
            {
              "name": "out",
              "path": "/nix/store/fni2q2wmlr64d70j0dw97zhhzmay1nm3-jq-1.7.1"
            },
            {
              "name": "dev",
              "path": "/nix/store/p0q6vmks1ql07g9hv1p63mkvbs7331xq-jq-1.7.1-dev"
            },
            {
              "name": "doc",
              "path": "/nix/store/3mj72b0gx9kz2y04pcbnfvv6sk8y4jbi-jq-1.7.1-doc"
            },
            {
              "name": "lib",
              "path": "/nix/store/j5qzf4k1c747ci0fp2wdp9xa1czkb5s5-jq-1.7.1-lib"
            }
          ],
          "store_path": "/nix/store/7v052gsm0fs3n9bcr9hdffspq8fnq872-jq-1.7.1-bin"
        },
        "x86_64-linux": {
          "outputs": [
            {
              "name": "bin",
              "path": "/nix/store/sxmad6bc8j8qgqvcc7278fjsrgm89qkc-jq-1.7.1-bin",
              "default": true
            },
            {
              "name": "man",
              "path": "/nix/store/4d9grvh3ssqdqqzycbiyh535ikbs7rg7-jq-1.7.1-man",
              "default": true
            },
            {
              "name": "dev",
              "path": "/nix/store/82ma9xbiyybcqxmcqxd625hmv4nig19r-jq-1.7.1-dev"
            },
            {
              "name": "doc",
              "path": "/nix/store/q55rnn9jh9h3r6imb07w53dyk8d9sd1l-jq-1.7.1-doc"
            },
            {
              "name": "lib",
              "path": "/nix/store/rg32apprx9b1bidimbpypjcb3j4zp0vy-jq-1.7.1-lib"
            },
            {
              "name": "out",
              "path": "/nix/store/4isj4w52vpavwfd8yj9r78dmyg4zy48y-jq-1.7.1"
            }
          ],
          "store_path": "/nix/store/sxmad6bc8j8qgqvcc7278fjsrgm89qkc-jq-1.7.1-bin"
        }
      }
    },
    "kubectl@1.30.0": {
      "last_modified": "2024-04-25T11:29:45-04:00",
      "resolved": "github:NixOS/nixpkgs/bf182c39d9439811484aad0d241ea89619b44bc7#kubectl",
      "source": "devbox-search",
      "version": "1.30.0",
      "systems": {
        "aarch64-darwin": {
          "outputs": [
            {
              "name": "out",
              "path": "/nix/store/37l125fmsqjlgzg6nkv84kbq0bdfdn09-kubectl-1.30.0",
              "default": true
            },
            {
              "name": "man",
              "path": "/nix/store/vcjzq65cqyrzcfmjzsj42hrw3x45mk8s-kubectl-1.30.0-man",
              "default": true
            },
            {
              "name": "convert",
              "path": "/nix/store/6fx7d4rwmkvsbzkxl395r1y5401386yr-kubectl-1.30.0-convert"
            }
          ],
          "store_path": "/nix/store/37l125fmsqjlgzg6nkv84kbq0bdfdn09-kubectl-1.30.0"
        },
        "aarch64-linux": {
          "outputs": [
            {
              "name": "out",
              "path": "/nix/store/mw521nhjmm9zij283yrxdbh0fislpdy4-kubectl-1.30.0",
              "default": true
            },
            {
              "name": "man",
              "path": "/nix/store/grk8qw3nmp1vxc31dyg1z5z507l9ckpq-kubectl-1.30.0-man",
              "default": true
            },
            {
              "name": "convert",
              "path": "/nix/store/nl734r759bgqw8rarrrbs03y4qa04ky7-kubectl-1.30.0-convert"
            }
          ],
          "store_path": "/nix/store/mw521nhjmm9zij283yrxdbh0fislpdy4-kubectl-1.30.0"
        },
        "x86_64-darwin": {
          "outputs": [
            {
              "name": "out",
              "path": "/nix/store/kzi7bl9hpgn5c9i7pcq2cby92gwighaj-kubectl-1.30.0",
              "default": true
            },
            {
              "name": "man",
              "path": "/nix/store/1f08fr3w6ba623fb4n56s2dk7mrmpb0h-kubectl-1.30.0-man",
              "default": true
            },
            {
              "name": "convert",
              "path": "/nix/store/739cc0ccyia6410bhrxg2iv1qj0zqjsz-kubectl-1.30.0-convert"
            }
          ],
          "store_path": "/nix/store/kzi7bl9hpgn5c9i7pcq2cby92gwighaj-kubectl-1.30.0"
        },
        "x86_64-linux": {
          "outputs": [
            {
              "name": "out",
              "path": "/nix/store/r5gah9impdhsi9f5hsbg32xqfqsajh90-kubectl-1.30.0",
              "default": true
            },
            {
              "name": "man",
              "path": "/nix/store/6r4jpknb24y1x83wrrind0b0h1as07a4-kubectl-1.30.0-man",
              "default": true
            },
            {
              "name": "convert",
              "path": "/nix/store/4hbqv5y1h7hw88xkjrbgr0gn8p7pwszp-kubectl-1.30.0-convert"
            }
          ],
          "store_path": "/nix/store/r5gah9impdhsi9f5hsbg32xqfqsajh90-kubectl-1.30.0"
        }
      }
    },
    "kubernetes-helm@3.14.4": {
      "last_modified": "2024-04-19T17:36:04-04:00",
      "resolved": "github:NixOS/nixpkgs/92d295f588631b0db2da509f381b4fb1e74173c5#kubernetes-helm",
      "source": "devbox-search",
      "version": "3.14.4",
      "systems": {
        "aarch64-darwin": {
          "outputs": [
            {
              "name": "out",
              "path": "/nix/store/1rlaqgp0b551xzi4mi31wy2zwk3qbs4j-kubernetes-helm-3.14.4",
              "default": true
            }
          ],
          "store_path": "/nix/store/1rlaqgp0b551xzi4mi31wy2zwk3qbs4j-kubernetes-helm-3.14.4"
        },
        "aarch64-linux": {
          "outputs": [
            {
              "name": "out",
              "path": "/nix/store/jl1h7r1m77qi845ji1grrchgvcsjb7w6-kubernetes-helm-3.14.4",
              "default": true
            }
          ],
          "store_path": "/nix/store/jl1h7r1m77qi845ji1grrchgvcsjb7w6-kubernetes-helm-3.14.4"
        },
        "x86_64-darwin": {
          "outputs": [
            {
              "name": "out",
              "path": "/nix/store/hl7n59kix0bv78vgiq4irkscgyndm81h-kubernetes-helm-3.14.4",
              "default": true
            }
          ],
          "store_path": "/nix/store/hl7n59kix0bv78vgiq4irkscgyndm81h-kubernetes-helm-3.14.4"
        },
        "x86_64-linux": {
          "outputs": [
            {
              "name": "out",
              "path": "/nix/store/mg1wazgldz91y0k2nfks8w3imlpmf4k7-kubernetes-helm-3.14.4",
              "default": true
            }
          ],
          "store_path": "/nix/store/mg1wazgldz91y0k2nfks8w3imlpmf4k7-kubernetes-helm-3.14.4"
        }
      }
    },
    "teller@1.5.6": {
      "last_modified": "2024-04-19T17:36:04-04:00",
      "resolved": "github:NixOS/nixpkgs/92d295f588631b0db2da509f381b4fb1e74173c5#teller",
      "source": "devbox-search",
      "version": "1.5.6",
      "systems": {
        "aarch64-darwin": {
          "outputs": [
            {
              "name": "out",
              "path": "/nix/store/h614c6g6ns821z9jfkfn6m59a4pl627c-teller-1.5.6",
              "default": true
            }
          ],
          "store_path": "/nix/store/h614c6g6ns821z9jfkfn6m59a4pl627c-teller-1.5.6"
        },
        "aarch64-linux": {
          "outputs": [
            {
              "name": "out",
              "path": "/nix/store/4lr2gsrnhs5v3x4yxfr2d6rprwlh1vd6-teller-1.5.6",
              "default": true
            }
          ],
          "store_path": "/nix/store/4lr2gsrnhs5v3x4yxfr2d6rprwlh1vd6-teller-1.5.6"
        },
        "x86_64-darwin": {
          "outputs": [
            {
              "name": "out",
              "path": "/nix/store/nq2jnmi0ib7pvi7apmv9m82kp4pz5f7w-teller-1.5.6",
              "default": true
            }
          ],
          "store_path": "/nix/store/nq2jnmi0ib7pvi7apmv9m82kp4pz5f7w-teller-1.5.6"
        },
        "x86_64-linux": {
          "outputs": [
            {
              "name": "out",
              "path": "/nix/store/kkrlm441vwm26dqci145fdqfr2j751hr-teller-1.5.6",
              "default": true
            }
          ],
          "store_path": "/nix/store/kkrlm441vwm26dqci145fdqfr2j751hr-teller-1.5.6"
        }
      }
    },
    "yq-go@4.43.1": {
      "last_modified": "2024-04-19T17:36:04-04:00",
      "resolved": "github:NixOS/nixpkgs/92d295f588631b0db2da509f381b4fb1e74173c5#yq-go",
      "source": "devbox-search",
      "version": "4.43.1",
      "systems": {
        "aarch64-darwin": {
          "outputs": [
            {
              "name": "out",
              "path": "/nix/store/rfiv0y75hj8730n1a6drnjhkk7vhdl9j-yq-go-4.43.1",
              "default": true
            }
          ],
          "store_path": "/nix/store/rfiv0y75hj8730n1a6drnjhkk7vhdl9j-yq-go-4.43.1"
        },
        "aarch64-linux": {
          "outputs": [
            {
              "name": "out",
              "path": "/nix/store/jni4dcywxfmwabxqmadp6lha4bn2sv2a-yq-go-4.43.1",
              "default": true
            }
          ],
          "store_path": "/nix/store/jni4dcywxfmwabxqmadp6lha4bn2sv2a-yq-go-4.43.1"
        },
        "x86_64-darwin": {
          "outputs": [
            {
              "name": "out",
              "path": "/nix/store/kd7h15ml6ypamdm65vdw1961zmcrqswk-yq-go-4.43.1",
              "default": true
            }
          ],
          "store_path": "/nix/store/kd7h15ml6ypamdm65vdw1961zmcrqswk-yq-go-4.43.1"
        },
        "x86_64-linux": {
          "outputs": [
            {
              "name": "out",
              "path": "/nix/store/3im0h6slqakpx47p6y87var90hsvxqsy-yq-go-4.43.1",
              "default": true
            }
          ],
          "store_path": "/nix/store/3im0h6slqakpx47p6y87var90hsvxqsy-yq-go-4.43.1"
        }
      }
    }
  }
}
